
Microsoft Visual Studio Solution File, Format Version 12.00
# Visual Studio Version 17
VisualStudioVersion = 17.6.33815.320
MinimumVisualStudioVersion = 10.0.40219.1
Project("{9A19103F-16F7-4668-BE54-9A1E7A4F7556}") = "GermanDict", "GermanDict\GermanDict.csproj", "{BEF9BFB6-8305-4C35-B870-513BE1CA4695}"
EndProject
Project("{9A19103F-16F7-4668-BE54-9A1E7A4F7556}") = "Interfaces", "Interfaces\Interfaces.csproj", "{02AF781E-38A8-448C-A5EB-AF718A506FEC}"
EndProject
Project("{9A19103F-16F7-4668-BE54-9A1E7A4F7556}") = "WordHDDTextRepository", "WordHDDTextRepository\WordHDDTextRepository.csproj", "{14DBB171-F81E-4C51-82F4-4DA7F1828E44}"
EndProject
Project("{9A19103F-16F7-4668-BE54-9A1E7A4F7556}") = "Words", "Words\Words.csproj", "{0DBCE578-87CD-4C6F-B492-3B1F06604E92}"
EndProject
Project("{FAE04EC0-301F-11D3-BF4B-00C04F79EFBC}") = "WordDBRepository", "WordDBRepository\WordDBRepository.csproj", "{757FEE06-669F-4536-B1C2-22B9A2B1C0EA}"
EndProject
Global
	GlobalSection(SolutionConfigurationPlatforms) = preSolution
		Debug|Any CPU = Debug|Any CPU
		Release|Any CPU = Release|Any CPU
	EndGlobalSection
	GlobalSection(ProjectConfigurationPlatforms) = postSolution
		{BEF9BFB6-8305-4C35-B870-513BE1CA4695}.Debug|Any CPU.ActiveCfg = Debug|Any CPU
		{BEF9BFB6-8305-4C35-B870-513BE1CA4695}.Debug|Any CPU.Build.0 = Debug|Any CPU
		{BEF9BFB6-8305-4C35-B870-513BE1CA4695}.Release|Any CPU.ActiveCfg = Release|Any CPU
		{BEF9BFB6-8305-4C35-B870-513BE1CA4695}.Release|Any CPU.Build.0 = Release|Any CPU
		{02AF781E-38A8-448C-A5EB-AF718A506FEC}.Debug|Any CPU.ActiveCfg = Debug|Any CPU
		{02AF781E-38A8-448C-A5EB-AF718A506FEC}.Debug|Any CPU.Build.0 = Debug|Any CPU
		{02AF781E-38A8-448C-A5EB-AF718A506FEC}.Release|Any CPU.ActiveCfg = Release|Any CPU
		{02AF781E-38A8-448C-A5EB-AF718A506FEC}.Release|Any CPU.Build.0 = Release|Any CPU
		{14DBB171-F81E-4C51-82F4-4DA7F1828E44}.Debug|Any CPU.ActiveCfg = Debug|Any CPU
		{14DBB171-F81E-4C51-82F4-4DA7F1828E44}.Debug|Any CPU.Build.0 = Debug|Any CPU
		{14DBB171-F81E-4C51-82F4-4DA7F1828E44}.Release|Any CPU.ActiveCfg = Release|Any CPU
		{14DBB171-F81E-4C51-82F4-4DA7F1828E44}.Release|Any CPU.Build.0 = Release|Any CPU
		{0DBCE578-87CD-4C6F-B492-3B1F06604E92}.Debug|Any CPU.ActiveCfg = Debug|Any CPU
		{0DBCE578-87CD-4C6F-B492-3B1F06604E92}.Debug|Any CPU.Build.0 = Debug|Any CPU
		{0DBCE578-87CD-4C6F-B492-3B1F06604E92}.Release|Any CPU.ActiveCfg = Release|Any CPU
		{0DBCE578-87CD-4C6F-B492-3B1F06604E92}.Release|Any CPU.Build.0 = Release|Any CPU
		{757FEE06-669F-4536-B1C2-22B9A2B1C0EA}.Debug|Any CPU.ActiveCfg = Debug|Any CPU
		{757FEE06-669F-4536-B1C2-22B9A2B1C0EA}.Debug|Any CPU.Build.0 = Debug|Any CPU
		{757FEE06-669F-4536-B1C2-22B9A2B1C0EA}.Release|Any CPU.ActiveCfg = Release|Any CPU
		{757FEE06-669F-4536-B1C2-22B9A2B1C0EA}.Release|Any CPU.Build.0 = Release|Any CPU
	EndGlobalSection
	GlobalSection(SolutionProperties) = preSolution
		HideSolutionNode = FALSE
	EndGlobalSection
	GlobalSection(ExtensibilityGlobals) = postSolution
		SolutionGuid = {EC88A0AF-25EF-4A29-AF5E-E1F270A559EF}
	EndGlobalSection
EndGlobal
